
Microsoft Visual Studio Solution File, Format Version 12.00
# Visual Studio Version 17
VisualStudioVersion = 17.8.34309.116
MinimumVisualStudioVersion = 10.0.40219.1
Project("{FAE04EC0-301F-11D3-BF4B-00C04F79EFBC}") = "Chat.Presentation", "Chat.Presentation\Chat.Presentation.csproj", "{AC9D3F09-A873-4BBE-95A6-25497ED132CE}"
EndProject
Project("{FAE04EC0-301F-11D3-BF4B-00C04F79EFBC}") = "Chat.Domain", "Chat.Domain\Chat.Domain.csproj", "{31E8D039-0759-41D4-A8FF-CEBBF5DD0700}"
EndProject
Project("{FAE04EC0-301F-11D3-BF4B-00C04F79EFBC}") = "Chat.Data", "Chat.Data\Chat.Data.csproj", "{0724996C-FE61-4988-A06D-C414D762943F}"
EndProject
Global
	GlobalSection(SolutionConfigurationPlatforms) = preSolution
		Debug|Any CPU = Debug|Any CPU
		Release|Any CPU = Release|Any CPU
	EndGlobalSection
	GlobalSection(ProjectConfigurationPlatforms) = postSolution
		{AC9D3F09-A873-4BBE-95A6-25497ED132CE}.Debug|Any CPU.ActiveCfg = Debug|Any CPU
		{AC9D3F09-A873-4BBE-95A6-25497ED132CE}.Debug|Any CPU.Build.0 = Debug|Any CPU
		{AC9D3F09-A873-4BBE-95A6-25497ED132CE}.Release|Any CPU.ActiveCfg = Release|Any CPU
		{AC9D3F09-A873-4BBE-95A6-25497ED132CE}.Release|Any CPU.Build.0 = Release|Any CPU
		{31E8D039-0759-41D4-A8FF-CEBBF5DD0700}.Debug|Any CPU.ActiveCfg = Debug|Any CPU
		{31E8D039-0759-41D4-A8FF-CEBBF5DD0700}.Debug|Any CPU.Build.0 = Debug|Any CPU
		{31E8D039-0759-41D4-A8FF-CEBBF5DD0700}.Release|Any CPU.ActiveCfg = Release|Any CPU
		{31E8D039-0759-41D4-A8FF-CEBBF5DD0700}.Release|Any CPU.Build.0 = Release|Any CPU
		{0724996C-FE61-4988-A06D-C414D762943F}.Debug|Any CPU.ActiveCfg = Debug|Any CPU
		{0724996C-FE61-4988-A06D-C414D762943F}.Debug|Any CPU.Build.0 = Debug|Any CPU
		{0724996C-FE61-4988-A06D-C414D762943F}.Release|Any CPU.ActiveCfg = Release|Any CPU
		{0724996C-FE61-4988-A06D-C414D762943F}.Release|Any CPU.Build.0 = Release|Any CPU
	EndGlobalSection
	GlobalSection(SolutionProperties) = preSolution
		HideSolutionNode = FALSE
	EndGlobalSection
	GlobalSection(ExtensibilityGlobals) = postSolution
		SolutionGuid = {62CB2137-1570-4525-B5AA-C961C943E9E4}
	EndGlobalSection
EndGlobal
